// !$*UTF8*$!
{
	archiveVersion = 1;
	classes = {
	};
	objectVersion = 55;
	objects = {

/* Begin PBXBuildFile section */
		4DC3DFB59FE05C2A1C3B0516 /* Pods_TestRound_TestRoundUITests.framework in Frameworks */ = {isa = PBXBuildFile; fileRef = 819FB7C4D4FDB8E6A69324D0 /* Pods_TestRound_TestRoundUITests.framework */; };
		777D5AEA60F46D762CA09611 /* Pods_TestRound.framework in Frameworks */ = {isa = PBXBuildFile; fileRef = 21202D5C9BD58D67CD723452 /* Pods_TestRound.framework */; };
		B61ED1A427F1D04500405CEB /* AppDelegate.swift in Sources */ = {isa = PBXBuildFile; fileRef = B61ED1A327F1D04500405CEB /* AppDelegate.swift */; };
		B61ED1A627F1D04500405CEB /* SceneDelegate.swift in Sources */ = {isa = PBXBuildFile; fileRef = B61ED1A527F1D04500405CEB /* SceneDelegate.swift */; };
		B61ED1A827F1D04500405CEB /* ViewController.swift in Sources */ = {isa = PBXBuildFile; fileRef = B61ED1A727F1D04500405CEB /* ViewController.swift */; };
		B61ED1AB27F1D04500405CEB /* Main.storyboard in Resources */ = {isa = PBXBuildFile; fileRef = B61ED1A927F1D04500405CEB /* Main.storyboard */; };
		B61ED1AD27F1D04700405CEB /* Assets.xcassets in Resources */ = {isa = PBXBuildFile; fileRef = B61ED1AC27F1D04700405CEB /* Assets.xcassets */; };
		B61ED1B027F1D04700405CEB /* LaunchScreen.storyboard in Resources */ = {isa = PBXBuildFile; fileRef = B61ED1AE27F1D04700405CEB /* LaunchScreen.storyboard */; };
		B61ED1BB27F1D04700405CEB /* TestRoundTests.swift in Sources */ = {isa = PBXBuildFile; fileRef = B61ED1BA27F1D04700405CEB /* TestRoundTests.swift */; };
		B61ED1C527F1D04700405CEB /* TestRoundUITests.swift in Sources */ = {isa = PBXBuildFile; fileRef = B61ED1C427F1D04700405CEB /* TestRoundUITests.swift */; };
		B61ED1C727F1D04700405CEB /* TestRoundUITestsLaunchTests.swift in Sources */ = {isa = PBXBuildFile; fileRef = B61ED1C627F1D04700405CEB /* TestRoundUITestsLaunchTests.swift */; };
		B650CCD427F4252E00542290 /* ClientAddEditNavigator.swift in Sources */ = {isa = PBXBuildFile; fileRef = B650CCD327F4252E00542290 /* ClientAddEditNavigator.swift */; };
		B650CCDC27F4304800542290 /* AddressTableViewCell.xib in Resources */ = {isa = PBXBuildFile; fileRef = B650CCD627F4304800542290 /* AddressTableViewCell.xib */; };
		B650CCDD27F4304800542290 /* EditClientTableViewCell.xib in Resources */ = {isa = PBXBuildFile; fileRef = B650CCD727F4304800542290 /* EditClientTableViewCell.xib */; };
		B650CCDE27F4304800542290 /* EditClientTableViewCell.swift in Sources */ = {isa = PBXBuildFile; fileRef = B650CCD827F4304800542290 /* EditClientTableViewCell.swift */; };
		B650CCDF27F4304800542290 /* ClientFooterTableViewCell.xib in Resources */ = {isa = PBXBuildFile; fileRef = B650CCD927F4304800542290 /* ClientFooterTableViewCell.xib */; };
		B650CCE027F4304800542290 /* ClientFooterTableViewCell.swift in Sources */ = {isa = PBXBuildFile; fileRef = B650CCDA27F4304800542290 /* ClientFooterTableViewCell.swift */; };
		B650CCE127F4304800542290 /* AddressTableViewCell.swift in Sources */ = {isa = PBXBuildFile; fileRef = B650CCDB27F4304800542290 /* AddressTableViewCell.swift */; };
		B650CCE427F4314200542290 /* Address.swift in Sources */ = {isa = PBXBuildFile; fileRef = B650CCE327F4314200542290 /* Address.swift */; };
		B650CCE627F438B600542290 /* Client.swift in Sources */ = {isa = PBXBuildFile; fileRef = B650CCE527F438B600542290 /* Client.swift */; };
		B650CCE927F43C0000542290 /* Enums.swift in Sources */ = {isa = PBXBuildFile; fileRef = B650CCE827F43C0000542290 /* Enums.swift */; };
		B650CCEC27F4449000542290 /* CommonClass.swift in Sources */ = {isa = PBXBuildFile; fileRef = B650CCEB27F4449000542290 /* CommonClass.swift */; };
		B650CCEE27F4464A00542290 /* db.json in Resources */ = {isa = PBXBuildFile; fileRef = B650CCED27F4464A00542290 /* db.json */; };
		B650CCF127F4551200542290 /* NetworkingManager.swift in Sources */ = {isa = PBXBuildFile; fileRef = B650CCEF27F4551200542290 /* NetworkingManager.swift */; };
		B650CCF227F4551200542290 /* Networking.swift in Sources */ = {isa = PBXBuildFile; fileRef = B650CCF027F4551200542290 /* Networking.swift */; };
		B650CCF427F4555B00542290 /* Constants.swift in Sources */ = {isa = PBXBuildFile; fileRef = B650CCF327F4555B00542290 /* Constants.swift */; };
		B650CCF727F4559A00542290 /* ClientsDataStore.swift in Sources */ = {isa = PBXBuildFile; fileRef = B650CCF627F4559A00542290 /* ClientsDataStore.swift */; };
		B650CCF927F45CDD00542290 /* CustomError.swift in Sources */ = {isa = PBXBuildFile; fileRef = B650CCF827F45CDD00542290 /* CustomError.swift */; };
		B6802F4927F49493006DDD64 /* ClientService.swift in Sources */ = {isa = PBXBuildFile; fileRef = B6802F4827F49493006DDD64 /* ClientService.swift */; };
		B6802F4C27F495B0006DDD64 /* ClientsRepository.swift in Sources */ = {isa = PBXBuildFile; fileRef = B6802F4B27F495B0006DDD64 /* ClientsRepository.swift */; };
		B683842127F5E0DD00896A5D /* User.swift in Sources */ = {isa = PBXBuildFile; fileRef = B683842027F5E0DD00896A5D /* User.swift */; };
		B683842427F5F0E100896A5D /* GenderTableViewCell.swift in Sources */ = {isa = PBXBuildFile; fileRef = B683842227F5F0E100896A5D /* GenderTableViewCell.swift */; };
		B683842527F5F0E100896A5D /* GenderTableViewCell.xib in Resources */ = {isa = PBXBuildFile; fileRef = B683842327F5F0E100896A5D /* GenderTableViewCell.xib */; };
		B6D7A58C27F393700006B273 /* LoginViewModel.swift in Sources */ = {isa = PBXBuildFile; fileRef = B6D7A58B27F393700006B273 /* LoginViewModel.swift */; };
		B6D7A58E27F393870006B273 /* LoginNavigator.swift in Sources */ = {isa = PBXBuildFile; fileRef = B6D7A58D27F393870006B273 /* LoginNavigator.swift */; };
		B6D7A59027F393990006B273 /* RegisterViewController.swift in Sources */ = {isa = PBXBuildFile; fileRef = B6D7A58F27F393990006B273 /* RegisterViewController.swift */; };
		B6D7A59227F393E80006B273 /* RegisterViewModel.swift in Sources */ = {isa = PBXBuildFile; fileRef = B6D7A59127F393E80006B273 /* RegisterViewModel.swift */; };
		B6D7A59427F394090006B273 /* RegisterNavigator.swift in Sources */ = {isa = PBXBuildFile; fileRef = B6D7A59327F394090006B273 /* RegisterNavigator.swift */; };
		B6D7A59827F394640006B273 /* UIViewExtension.swift in Sources */ = {isa = PBXBuildFile; fileRef = B6D7A59527F394640006B273 /* UIViewExtension.swift */; };
		B6D7A59927F394640006B273 /* StoryboardExtension.swift in Sources */ = {isa = PBXBuildFile; fileRef = B6D7A59627F394640006B273 /* StoryboardExtension.swift */; };
		B6D7A59A27F394640006B273 /* UIFontExtension.swift in Sources */ = {isa = PBXBuildFile; fileRef = B6D7A59727F394640006B273 /* UIFontExtension.swift */; };
		B6D7A59C27F395430006B273 /* AppNavigator.swift in Sources */ = {isa = PBXBuildFile; fileRef = B6D7A59B27F395430006B273 /* AppNavigator.swift */; };
		B6D7A59F27F395770006B273 /* AppNavigationController.swift in Sources */ = {isa = PBXBuildFile; fileRef = B6D7A59E27F395770006B273 /* AppNavigationController.swift */; };
		B6D7A5A727F396DE0006B273 /* ClientListingViewController.swift in Sources */ = {isa = PBXBuildFile; fileRef = B6D7A5A627F396DE0006B273 /* ClientListingViewController.swift */; };
		B6D7A5A927F396E80006B273 /* Client.storyboard in Resources */ = {isa = PBXBuildFile; fileRef = B6D7A5A827F396E80006B273 /* Client.storyboard */; };
		B6D7A5AB27F397230006B273 /* ClientListingViewModel.swift in Sources */ = {isa = PBXBuildFile; fileRef = B6D7A5AA27F397230006B273 /* ClientListingViewModel.swift */; };
		B6D7A5AF27F397520006B273 /* ClientsListingTableViewCell.swift in Sources */ = {isa = PBXBuildFile; fileRef = B6D7A5AD27F397520006B273 /* ClientsListingTableViewCell.swift */; };
		B6D7A5B027F397520006B273 /* ClientsListingTableViewCell.xib in Resources */ = {isa = PBXBuildFile; fileRef = B6D7A5AE27F397520006B273 /* ClientsListingTableViewCell.xib */; };
		B6D7A5B527F397C40006B273 /* ClientAddEditViewModel.swift in Sources */ = {isa = PBXBuildFile; fileRef = B6D7A5B427F397C40006B273 /* ClientAddEditViewModel.swift */; };
		B6D7A5B727F397D50006B273 /* ClientAddEditViewController.swift in Sources */ = {isa = PBXBuildFile; fileRef = B6D7A5B627F397D50006B273 /* ClientAddEditViewController.swift */; };
		B6D7A5BA27F39BAA0006B273 /* ClientListingNavigator.swift in Sources */ = {isa = PBXBuildFile; fileRef = B6D7A5B927F39BAA0006B273 /* ClientListingNavigator.swift */; };
		E94F440416813F2031C554E2 /* Pods_TestRoundTests.framework in Frameworks */ = {isa = PBXBuildFile; fileRef = E47709E281622247FF18E7E5 /* Pods_TestRoundTests.framework */; };
/* End PBXBuildFile section */

/* Begin PBXContainerItemProxy section */
		B61ED1B727F1D04700405CEB /* PBXContainerItemProxy */ = {
			isa = PBXContainerItemProxy;
			containerPortal = B61ED19827F1D04500405CEB /* Project object */;
			proxyType = 1;
			remoteGlobalIDString = B61ED19F27F1D04500405CEB;
			remoteInfo = TestRound;
		};
		B61ED1C127F1D04700405CEB /* PBXContainerItemProxy */ = {
			isa = PBXContainerItemProxy;
			containerPortal = B61ED19827F1D04500405CEB /* Project object */;
			proxyType = 1;
			remoteGlobalIDString = B61ED19F27F1D04500405CEB;
			remoteInfo = TestRound;
		};
/* End PBXContainerItemProxy section */

/* Begin PBXFileReference section */
		21202D5C9BD58D67CD723452 /* Pods_TestRound.framework */ = {isa = PBXFileReference; explicitFileType = wrapper.framework; includeInIndex = 0; path = Pods_TestRound.framework; sourceTree = BUILT_PRODUCTS_DIR; };
		48E8379CEBE86D1BB108B186 /* Pods-TestRound-TestRoundUITests.release.xcconfig */ = {isa = PBXFileReference; includeInIndex = 1; lastKnownFileType = text.xcconfig; name = "Pods-TestRound-TestRoundUITests.release.xcconfig"; path = "Target Support Files/Pods-TestRound-TestRoundUITests/Pods-TestRound-TestRoundUITests.release.xcconfig"; sourceTree = "<group>"; };
		4906FE28761AD300F3D99E78 /* Pods-TestRound-TestRoundUITests.debug.xcconfig */ = {isa = PBXFileReference; includeInIndex = 1; lastKnownFileType = text.xcconfig; name = "Pods-TestRound-TestRoundUITests.debug.xcconfig"; path = "Target Support Files/Pods-TestRound-TestRoundUITests/Pods-TestRound-TestRoundUITests.debug.xcconfig"; sourceTree = "<group>"; };
		819FB7C4D4FDB8E6A69324D0 /* Pods_TestRound_TestRoundUITests.framework */ = {isa = PBXFileReference; explicitFileType = wrapper.framework; includeInIndex = 0; path = Pods_TestRound_TestRoundUITests.framework; sourceTree = BUILT_PRODUCTS_DIR; };
		82F1827B48E59FA21CC2B147 /* Pods-TestRound.debug.xcconfig */ = {isa = PBXFileReference; includeInIndex = 1; lastKnownFileType = text.xcconfig; name = "Pods-TestRound.debug.xcconfig"; path = "Target Support Files/Pods-TestRound/Pods-TestRound.debug.xcconfig"; sourceTree = "<group>"; };
		8F40CF24A815AEA9FA0F906B /* Pods-TestRoundTests.debug.xcconfig */ = {isa = PBXFileReference; includeInIndex = 1; lastKnownFileType = text.xcconfig; name = "Pods-TestRoundTests.debug.xcconfig"; path = "Target Support Files/Pods-TestRoundTests/Pods-TestRoundTests.debug.xcconfig"; sourceTree = "<group>"; };
		B5F9A69B6C81D813EE7A5BFD /* Pods-TestRound.release.xcconfig */ = {isa = PBXFileReference; includeInIndex = 1; lastKnownFileType = text.xcconfig; name = "Pods-TestRound.release.xcconfig"; path = "Target Support Files/Pods-TestRound/Pods-TestRound.release.xcconfig"; sourceTree = "<group>"; };
		B61ED1A027F1D04500405CEB /* TestRound.app */ = {isa = PBXFileReference; explicitFileType = wrapper.application; includeInIndex = 0; path = TestRound.app; sourceTree = BUILT_PRODUCTS_DIR; };
		B61ED1A327F1D04500405CEB /* AppDelegate.swift */ = {isa = PBXFileReference; lastKnownFileType = sourcecode.swift; path = AppDelegate.swift; sourceTree = "<group>"; };
		B61ED1A527F1D04500405CEB /* SceneDelegate.swift */ = {isa = PBXFileReference; lastKnownFileType = sourcecode.swift; path = SceneDelegate.swift; sourceTree = "<group>"; };
		B61ED1A727F1D04500405CEB /* ViewController.swift */ = {isa = PBXFileReference; lastKnownFileType = sourcecode.swift; path = ViewController.swift; sourceTree = "<group>"; };
		B61ED1AA27F1D04500405CEB /* Base */ = {isa = PBXFileReference; lastKnownFileType = file.storyboard; name = Base; path = Base.lproj/Main.storyboard; sourceTree = "<group>"; };
		B61ED1AC27F1D04700405CEB /* Assets.xcassets */ = {isa = PBXFileReference; lastKnownFileType = folder.assetcatalog; path = Assets.xcassets; sourceTree = "<group>"; };
		B61ED1AF27F1D04700405CEB /* Base */ = {isa = PBXFileReference; lastKnownFileType = file.storyboard; name = Base; path = Base.lproj/LaunchScreen.storyboard; sourceTree = "<group>"; };
		B61ED1B127F1D04700405CEB /* Info.plist */ = {isa = PBXFileReference; lastKnownFileType = text.plist.xml; path = Info.plist; sourceTree = "<group>"; };
		B61ED1B627F1D04700405CEB /* TestRoundTests.xctest */ = {isa = PBXFileReference; explicitFileType = wrapper.cfbundle; includeInIndex = 0; path = TestRoundTests.xctest; sourceTree = BUILT_PRODUCTS_DIR; };
		B61ED1BA27F1D04700405CEB /* TestRoundTests.swift */ = {isa = PBXFileReference; lastKnownFileType = sourcecode.swift; path = TestRoundTests.swift; sourceTree = "<group>"; };
		B61ED1C027F1D04700405CEB /* TestRoundUITests.xctest */ = {isa = PBXFileReference; explicitFileType = wrapper.cfbundle; includeInIndex = 0; path = TestRoundUITests.xctest; sourceTree = BUILT_PRODUCTS_DIR; };
		B61ED1C427F1D04700405CEB /* TestRoundUITests.swift */ = {isa = PBXFileReference; lastKnownFileType = sourcecode.swift; path = TestRoundUITests.swift; sourceTree = "<group>"; };
		B61ED1C627F1D04700405CEB /* TestRoundUITestsLaunchTests.swift */ = {isa = PBXFileReference; lastKnownFileType = sourcecode.swift; path = TestRoundUITestsLaunchTests.swift; sourceTree = "<group>"; };
		B650CCD327F4252E00542290 /* ClientAddEditNavigator.swift */ = {isa = PBXFileReference; lastKnownFileType = sourcecode.swift; path = ClientAddEditNavigator.swift; sourceTree = "<group>"; };
		B650CCD627F4304800542290 /* AddressTableViewCell.xib */ = {isa = PBXFileReference; fileEncoding = 4; lastKnownFileType = file.xib; path = AddressTableViewCell.xib; sourceTree = "<group>"; };
		B650CCD727F4304800542290 /* EditClientTableViewCell.xib */ = {isa = PBXFileReference; fileEncoding = 4; lastKnownFileType = file.xib; path = EditClientTableViewCell.xib; sourceTree = "<group>"; };
		B650CCD827F4304800542290 /* EditClientTableViewCell.swift */ = {isa = PBXFileReference; fileEncoding = 4; lastKnownFileType = sourcecode.swift; path = EditClientTableViewCell.swift; sourceTree = "<group>"; };
		B650CCD927F4304800542290 /* ClientFooterTableViewCell.xib */ = {isa = PBXFileReference; fileEncoding = 4; lastKnownFileType = file.xib; path = ClientFooterTableViewCell.xib; sourceTree = "<group>"; };
		B650CCDA27F4304800542290 /* ClientFooterTableViewCell.swift */ = {isa = PBXFileReference; fileEncoding = 4; lastKnownFileType = sourcecode.swift; path = ClientFooterTableViewCell.swift; sourceTree = "<group>"; };
		B650CCDB27F4304800542290 /* AddressTableViewCell.swift */ = {isa = PBXFileReference; fileEncoding = 4; lastKnownFileType = sourcecode.swift; path = AddressTableViewCell.swift; sourceTree = "<group>"; };
		B650CCE327F4314200542290 /* Address.swift */ = {isa = PBXFileReference; lastKnownFileType = sourcecode.swift; path = Address.swift; sourceTree = "<group>"; };
		B650CCE527F438B600542290 /* Client.swift */ = {isa = PBXFileReference; lastKnownFileType = sourcecode.swift; path = Client.swift; sourceTree = "<group>"; };
		B650CCE827F43C0000542290 /* Enums.swift */ = {isa = PBXFileReference; lastKnownFileType = sourcecode.swift; path = Enums.swift; sourceTree = "<group>"; };
		B650CCEB27F4449000542290 /* CommonClass.swift */ = {isa = PBXFileReference; lastKnownFileType = sourcecode.swift; path = CommonClass.swift; sourceTree = "<group>"; };
		B650CCED27F4464A00542290 /* db.json */ = {isa = PBXFileReference; lastKnownFileType = text.json; path = db.json; sourceTree = "<group>"; };
		B650CCEF27F4551200542290 /* NetworkingManager.swift */ = {isa = PBXFileReference; fileEncoding = 4; lastKnownFileType = sourcecode.swift; path = NetworkingManager.swift; sourceTree = "<group>"; };
		B650CCF027F4551200542290 /* Networking.swift */ = {isa = PBXFileReference; fileEncoding = 4; lastKnownFileType = sourcecode.swift; path = Networking.swift; sourceTree = "<group>"; };
		B650CCF327F4555B00542290 /* Constants.swift */ = {isa = PBXFileReference; lastKnownFileType = sourcecode.swift; path = Constants.swift; sourceTree = "<group>"; };
		B650CCF627F4559A00542290 /* ClientsDataStore.swift */ = {isa = PBXFileReference; lastKnownFileType = sourcecode.swift; path = ClientsDataStore.swift; sourceTree = "<group>"; };
		B650CCF827F45CDD00542290 /* CustomError.swift */ = {isa = PBXFileReference; lastKnownFileType = sourcecode.swift; path = CustomError.swift; sourceTree = "<group>"; };
		B6802F4827F49493006DDD64 /* ClientService.swift */ = {isa = PBXFileReference; lastKnownFileType = sourcecode.swift; path = ClientService.swift; sourceTree = "<group>"; };
		B6802F4B27F495B0006DDD64 /* ClientsRepository.swift */ = {isa = PBXFileReference; lastKnownFileType = sourcecode.swift; path = ClientsRepository.swift; sourceTree = "<group>"; };
		B683842027F5E0DD00896A5D /* User.swift */ = {isa = PBXFileReference; lastKnownFileType = sourcecode.swift; path = User.swift; sourceTree = "<group>"; };
		B683842227F5F0E100896A5D /* GenderTableViewCell.swift */ = {isa = PBXFileReference; lastKnownFileType = sourcecode.swift; path = GenderTableViewCell.swift; sourceTree = "<group>"; };
		B683842327F5F0E100896A5D /* GenderTableViewCell.xib */ = {isa = PBXFileReference; lastKnownFileType = file.xib; path = GenderTableViewCell.xib; sourceTree = "<group>"; };
		B6D7A58B27F393700006B273 /* LoginViewModel.swift */ = {isa = PBXFileReference; lastKnownFileType = sourcecode.swift; path = LoginViewModel.swift; sourceTree = "<group>"; };
		B6D7A58D27F393870006B273 /* LoginNavigator.swift */ = {isa = PBXFileReference; lastKnownFileType = sourcecode.swift; path = LoginNavigator.swift; sourceTree = "<group>"; };
		B6D7A58F27F393990006B273 /* RegisterViewController.swift */ = {isa = PBXFileReference; lastKnownFileType = sourcecode.swift; path = RegisterViewController.swift; sourceTree = "<group>"; };
		B6D7A59127F393E80006B273 /* RegisterViewModel.swift */ = {isa = PBXFileReference; lastKnownFileType = sourcecode.swift; path = RegisterViewModel.swift; sourceTree = "<group>"; };
		B6D7A59327F394090006B273 /* RegisterNavigator.swift */ = {isa = PBXFileReference; lastKnownFileType = sourcecode.swift; path = RegisterNavigator.swift; sourceTree = "<group>"; };
		B6D7A59527F394640006B273 /* UIViewExtension.swift */ = {isa = PBXFileReference; fileEncoding = 4; lastKnownFileType = sourcecode.swift; path = UIViewExtension.swift; sourceTree = "<group>"; };
		B6D7A59627F394640006B273 /* StoryboardExtension.swift */ = {isa = PBXFileReference; fileEncoding = 4; lastKnownFileType = sourcecode.swift; path = StoryboardExtension.swift; sourceTree = "<group>"; };
		B6D7A59727F394640006B273 /* UIFontExtension.swift */ = {isa = PBXFileReference; fileEncoding = 4; lastKnownFileType = sourcecode.swift; path = UIFontExtension.swift; sourceTree = "<group>"; };
		B6D7A59B27F395430006B273 /* AppNavigator.swift */ = {isa = PBXFileReference; lastKnownFileType = sourcecode.swift; path = AppNavigator.swift; sourceTree = "<group>"; };
		B6D7A59E27F395770006B273 /* AppNavigationController.swift */ = {isa = PBXFileReference; fileEncoding = 4; lastKnownFileType = sourcecode.swift; path = AppNavigationController.swift; sourceTree = "<group>"; };
		B6D7A5A627F396DE0006B273 /* ClientListingViewController.swift */ = {isa = PBXFileReference; lastKnownFileType = sourcecode.swift; path = ClientListingViewController.swift; sourceTree = "<group>"; };
		B6D7A5A827F396E80006B273 /* Client.storyboard */ = {isa = PBXFileReference; lastKnownFileType = file.storyboard; path = Client.storyboard; sourceTree = "<group>"; };
		B6D7A5AA27F397230006B273 /* ClientListingViewModel.swift */ = {isa = PBXFileReference; lastKnownFileType = sourcecode.swift; path = ClientListingViewModel.swift; sourceTree = "<group>"; };
		B6D7A5AD27F397520006B273 /* ClientsListingTableViewCell.swift */ = {isa = PBXFileReference; lastKnownFileType = sourcecode.swift; path = ClientsListingTableViewCell.swift; sourceTree = "<group>"; };
		B6D7A5AE27F397520006B273 /* ClientsListingTableViewCell.xib */ = {isa = PBXFileReference; lastKnownFileType = file.xib; path = ClientsListingTableViewCell.xib; sourceTree = "<group>"; };
		B6D7A5B427F397C40006B273 /* ClientAddEditViewModel.swift */ = {isa = PBXFileReference; lastKnownFileType = sourcecode.swift; path = ClientAddEditViewModel.swift; sourceTree = "<group>"; };
		B6D7A5B627F397D50006B273 /* ClientAddEditViewController.swift */ = {isa = PBXFileReference; lastKnownFileType = sourcecode.swift; path = ClientAddEditViewController.swift; sourceTree = "<group>"; };
		B6D7A5B927F39BAA0006B273 /* ClientListingNavigator.swift */ = {isa = PBXFileReference; lastKnownFileType = sourcecode.swift; path = ClientListingNavigator.swift; sourceTree = "<group>"; };
		E47709E281622247FF18E7E5 /* Pods_TestRoundTests.framework */ = {isa = PBXFileReference; explicitFileType = wrapper.framework; includeInIndex = 0; path = Pods_TestRoundTests.framework; sourceTree = BUILT_PRODUCTS_DIR; };
		F1279D3DB16FEFA4D4FAF2AD /* Pods-TestRoundTests.release.xcconfig */ = {isa = PBXFileReference; includeInIndex = 1; lastKnownFileType = text.xcconfig; name = "Pods-TestRoundTests.release.xcconfig"; path = "Target Support Files/Pods-TestRoundTests/Pods-TestRoundTests.release.xcconfig"; sourceTree = "<group>"; };
/* End PBXFileReference section */

/* Begin PBXFrameworksBuildPhase section */
		B61ED19D27F1D04500405CEB /* Frameworks */ = {
			isa = PBXFrameworksBuildPhase;
			buildActionMask = 2147483647;
			files = (
				777D5AEA60F46D762CA09611 /* Pods_TestRound.framework in Frameworks */,
			);
			runOnlyForDeploymentPostprocessing = 0;
		};
		B61ED1B327F1D04700405CEB /* Frameworks */ = {
			isa = PBXFrameworksBuildPhase;
			buildActionMask = 2147483647;
			files = (
				E94F440416813F2031C554E2 /* Pods_TestRoundTests.framework in Frameworks */,
			);
			runOnlyForDeploymentPostprocessing = 0;
		};
		B61ED1BD27F1D04700405CEB /* Frameworks */ = {
			isa = PBXFrameworksBuildPhase;
			buildActionMask = 2147483647;
			files = (
				4DC3DFB59FE05C2A1C3B0516 /* Pods_TestRound_TestRoundUITests.framework in Frameworks */,
			);
			runOnlyForDeploymentPostprocessing = 0;
		};
/* End PBXFrameworksBuildPhase section */

/* Begin PBXGroup section */
		A03F5E9BB01F6FE9CD49ADAA /* Pods */ = {
			isa = PBXGroup;
			children = (
				82F1827B48E59FA21CC2B147 /* Pods-TestRound.debug.xcconfig */,
				B5F9A69B6C81D813EE7A5BFD /* Pods-TestRound.release.xcconfig */,
				4906FE28761AD300F3D99E78 /* Pods-TestRound-TestRoundUITests.debug.xcconfig */,
				48E8379CEBE86D1BB108B186 /* Pods-TestRound-TestRoundUITests.release.xcconfig */,
				8F40CF24A815AEA9FA0F906B /* Pods-TestRoundTests.debug.xcconfig */,
				F1279D3DB16FEFA4D4FAF2AD /* Pods-TestRoundTests.release.xcconfig */,
			);
			path = Pods;
			sourceTree = "<group>";
		};
		B61ED19727F1D04500405CEB = {
			isa = PBXGroup;
			children = (
				B650CCED27F4464A00542290 /* db.json */,
				B61ED1A227F1D04500405CEB /* TestRound */,
				B61ED1B927F1D04700405CEB /* TestRoundTests */,
				B61ED1C327F1D04700405CEB /* TestRoundUITests */,
				B61ED1A127F1D04500405CEB /* Products */,
				A03F5E9BB01F6FE9CD49ADAA /* Pods */,
				C8BBCBC7939B18C56F7BEDBE /* Frameworks */,
			);
			sourceTree = "<group>";
		};
		B61ED1A127F1D04500405CEB /* Products */ = {
			isa = PBXGroup;
			children = (
				B61ED1A027F1D04500405CEB /* TestRound.app */,
				B61ED1B627F1D04700405CEB /* TestRoundTests.xctest */,
				B61ED1C027F1D04700405CEB /* TestRoundUITests.xctest */,
			);
			name = Products;
			sourceTree = "<group>";
		};
		B61ED1A227F1D04500405CEB /* TestRound */ = {
			isa = PBXGroup;
			children = (
				B61ED1D627F1D32700405CEB /* Features */,
				B61ED1D527F1D31200405CEB /* Common */,
				B61ED1D427F1D30C00405CEB /* Resources */,
				B61ED1D327F1D12100405CEB /* AppStartup */,
				B61ED1AE27F1D04700405CEB /* LaunchScreen.storyboard */,
				B61ED1B127F1D04700405CEB /* Info.plist */,
			);
			path = TestRound;
			sourceTree = "<group>";
		};
		B61ED1B927F1D04700405CEB /* TestRoundTests */ = {
			isa = PBXGroup;
			children = (
				B61ED1BA27F1D04700405CEB /* TestRoundTests.swift */,
			);
			path = TestRoundTests;
			sourceTree = "<group>";
		};
		B61ED1C327F1D04700405CEB /* TestRoundUITests */ = {
			isa = PBXGroup;
			children = (
				B61ED1C427F1D04700405CEB /* TestRoundUITests.swift */,
				B61ED1C627F1D04700405CEB /* TestRoundUITestsLaunchTests.swift */,
			);
			path = TestRoundUITests;
			sourceTree = "<group>";
		};
		B61ED1D327F1D12100405CEB /* AppStartup */ = {
			isa = PBXGroup;
			children = (
				B61ED1D727F1D35000405CEB /* AppNavigator */,
				B61ED1A327F1D04500405CEB /* AppDelegate.swift */,
				B61ED1A527F1D04500405CEB /* SceneDelegate.swift */,
			);
			path = AppStartup;
			sourceTree = "<group>";
		};
		B61ED1D427F1D30C00405CEB /* Resources */ = {
			isa = PBXGroup;
			children = (
				B61ED1AC27F1D04700405CEB /* Assets.xcassets */,
			);
			path = Resources;
			sourceTree = "<group>";
		};
		B61ED1D527F1D31200405CEB /* Common */ = {
			isa = PBXGroup;
			children = (
				B650CCEA27F4448000542290 /* Utils */,
				B650CCE727F43BD700542290 /* Enums */,
				B61ED1DB27F1D38000405CEB /* Networking */,
				B61ED1DA27F1D37600405CEB /* Constants */,
				B61ED1D927F1D36800405CEB /* UI */,
				B61ED1D827F1D36000405CEB /* Extensions */,
			);
			path = Common;
			sourceTree = "<group>";
		};
		B61ED1D627F1D32700405CEB /* Features */ = {
			isa = PBXGroup;
			children = (
				B61ED1E027F1D3B800405CEB /* Services */,
				B61ED1DF27F1D3B000405CEB /* Models */,
				B61ED1DE27F1D39200405CEB /* UI */,
				B61ED1DD27F1D38E00405CEB /* Data */,
				B61ED1DC27F1D38900405CEB /* Domain */,
			);
			path = Features;
			sourceTree = "<group>";
		};
		B61ED1D727F1D35000405CEB /* AppNavigator */ = {
			isa = PBXGroup;
			children = (
				B6D7A59B27F395430006B273 /* AppNavigator.swift */,
			);
			path = AppNavigator;
			sourceTree = "<group>";
		};
		B61ED1D827F1D36000405CEB /* Extensions */ = {
			isa = PBXGroup;
			children = (
				B6D7A59627F394640006B273 /* StoryboardExtension.swift */,
				B6D7A59727F394640006B273 /* UIFontExtension.swift */,
				B6D7A59527F394640006B273 /* UIViewExtension.swift */,
			);
			path = Extensions;
			sourceTree = "<group>";
		};
		B61ED1D927F1D36800405CEB /* UI */ = {
			isa = PBXGroup;
			children = (
				B6D7A59D27F3956A0006B273 /* Controller */,
			);
			path = UI;
			sourceTree = "<group>";
		};
		B61ED1DA27F1D37600405CEB /* Constants */ = {
			isa = PBXGroup;
			children = (
				B650CCF327F4555B00542290 /* Constants.swift */,
			);
			path = Constants;
			sourceTree = "<group>";
		};
		B61ED1DB27F1D38000405CEB /* Networking */ = {
			isa = PBXGroup;
			children = (
				B650CCF027F4551200542290 /* Networking.swift */,
				B650CCEF27F4551200542290 /* NetworkingManager.swift */,
			);
			path = Networking;
			sourceTree = "<group>";
		};
		B61ED1DC27F1D38900405CEB /* Domain */ = {
			isa = PBXGroup;
			children = (
				B6802F4A27F4958B006DDD64 /* Client */,
			);
			path = Domain;
			sourceTree = "<group>";
		};
		B61ED1DD27F1D38E00405CEB /* Data */ = {
			isa = PBXGroup;
			children = (
				B650CCF527F4558A00542290 /* Remote */,
			);
			path = Data;
			sourceTree = "<group>";
		};
		B61ED1DE27F1D39200405CEB /* UI */ = {
			isa = PBXGroup;
			children = (
				B6D7A5A027F3968D0006B273 /* Clients */,
				B61ED1E127F1D3BE00405CEB /* Onboarding */,
			);
			path = UI;
			sourceTree = "<group>";
		};
		B61ED1DF27F1D3B000405CEB /* Models */ = {
			isa = PBXGroup;
			children = (
				B650CCE327F4314200542290 /* Address.swift */,
				B650CCE527F438B600542290 /* Client.swift */,
				B683842027F5E0DD00896A5D /* User.swift */,
			);
			path = Models;
			sourceTree = "<group>";
		};
		B61ED1E027F1D3B800405CEB /* Services */ = {
			isa = PBXGroup;
			children = (
				B6802F4827F49493006DDD64 /* ClientService.swift */,
			);
			path = Services;
			sourceTree = "<group>";
		};
		B61ED1E127F1D3BE00405CEB /* Onboarding */ = {
			isa = PBXGroup;
			children = (
				B61ED1A927F1D04500405CEB /* Main.storyboard */,
				B61ED1E327F1D3CB00405CEB /* Register */,
				B61ED1E227F1D3C600405CEB /* Login */,
			);
			path = Onboarding;
			sourceTree = "<group>";
		};
		B61ED1E227F1D3C600405CEB /* Login */ = {
			isa = PBXGroup;
			children = (
				B61ED1E627F1D3DB00405CEB /* LoginNavgiator */,
				B61ED1E527F1D3D500405CEB /* ViewModel */,
				B61ED1E427F1D3D100405CEB /* View */,
			);
			path = Login;
			sourceTree = "<group>";
		};
		B61ED1E327F1D3CB00405CEB /* Register */ = {
			isa = PBXGroup;
			children = (
				B61ED1E927F1D3F700405CEB /* RegisterNavigator */,
				B61ED1E827F1D3F100405CEB /* ViewModel */,
				B61ED1E727F1D3EC00405CEB /* View */,
			);
			path = Register;
			sourceTree = "<group>";
		};
		B61ED1E427F1D3D100405CEB /* View */ = {
			isa = PBXGroup;
			children = (
				B61ED1EA27F1D40C00405CEB /* ViewController */,
			);
			path = View;
			sourceTree = "<group>";
		};
		B61ED1E527F1D3D500405CEB /* ViewModel */ = {
			isa = PBXGroup;
			children = (
				B6D7A58B27F393700006B273 /* LoginViewModel.swift */,
			);
			path = ViewModel;
			sourceTree = "<group>";
		};
		B61ED1E627F1D3DB00405CEB /* LoginNavgiator */ = {
			isa = PBXGroup;
			children = (
				B6D7A58D27F393870006B273 /* LoginNavigator.swift */,
			);
			path = LoginNavgiator;
			sourceTree = "<group>";
		};
		B61ED1E727F1D3EC00405CEB /* View */ = {
			isa = PBXGroup;
			children = (
				B61ED1EB27F1D41600405CEB /* ViewController */,
			);
			path = View;
			sourceTree = "<group>";
		};
		B61ED1E827F1D3F100405CEB /* ViewModel */ = {
			isa = PBXGroup;
			children = (
				B6D7A59127F393E80006B273 /* RegisterViewModel.swift */,
			);
			path = ViewModel;
			sourceTree = "<group>";
		};
		B61ED1E927F1D3F700405CEB /* RegisterNavigator */ = {
			isa = PBXGroup;
			children = (
				B6D7A59327F394090006B273 /* RegisterNavigator.swift */,
			);
			path = RegisterNavigator;
			sourceTree = "<group>";
		};
		B61ED1EA27F1D40C00405CEB /* ViewController */ = {
			isa = PBXGroup;
			children = (
				B61ED1A727F1D04500405CEB /* ViewController.swift */,
			);
			path = ViewController;
			sourceTree = "<group>";
		};
		B61ED1EB27F1D41600405CEB /* ViewController */ = {
			isa = PBXGroup;
			children = (
				B6D7A58F27F393990006B273 /* RegisterViewController.swift */,
			);
			path = ViewController;
			sourceTree = "<group>";
		};
		B650CCD227F4250400542290 /* Navigator */ = {
			isa = PBXGroup;
			children = (
				B650CCD327F4252E00542290 /* ClientAddEditNavigator.swift */,
			);
			path = Navigator;
			sourceTree = "<group>";
		};
		B650CCD527F42C1400542290 /* CustomCells */ = {
			isa = PBXGroup;
			children = (
				B650CCDB27F4304800542290 /* AddressTableViewCell.swift */,
				B650CCD627F4304800542290 /* AddressTableViewCell.xib */,
				B650CCD827F4304800542290 /* EditClientTableViewCell.swift */,
				B650CCD727F4304800542290 /* EditClientTableViewCell.xib */,
				B650CCDA27F4304800542290 /* ClientFooterTableViewCell.swift */,
				B650CCD927F4304800542290 /* ClientFooterTableViewCell.xib */,
				B683842227F5F0E100896A5D /* GenderTableViewCell.swift */,
				B683842327F5F0E100896A5D /* GenderTableViewCell.xib */,
			);
			path = CustomCells;
			sourceTree = "<group>";
		};
		B650CCE727F43BD700542290 /* Enums */ = {
			isa = PBXGroup;
			children = (
				B650CCE827F43C0000542290 /* Enums.swift */,
			);
			path = Enums;
			sourceTree = "<group>";
		};
		B650CCEA27F4448000542290 /* Utils */ = {
			isa = PBXGroup;
			children = (
				B650CCEB27F4449000542290 /* CommonClass.swift */,
				B650CCF827F45CDD00542290 /* CustomError.swift */,
			);
			path = Utils;
			sourceTree = "<group>";
		};
		B650CCF527F4558A00542290 /* Remote */ = {
			isa = PBXGroup;
			children = (
				B650CCF627F4559A00542290 /* ClientsDataStore.swift */,
			);
			path = Remote;
			sourceTree = "<group>";
		};
		B6802F4A27F4958B006DDD64 /* Client */ = {
			isa = PBXGroup;
			children = (
				B6802F4B27F495B0006DDD64 /* ClientsRepository.swift */,
			);
			path = Client;
			sourceTree = "<group>";
		};
		B6D7A59D27F3956A0006B273 /* Controller */ = {
			isa = PBXGroup;
			children = (
				B6D7A59E27F395770006B273 /* AppNavigationController.swift */,
			);
			path = Controller;
			sourceTree = "<group>";
		};
		B6D7A5A027F3968D0006B273 /* Clients */ = {
			isa = PBXGroup;
			children = (
				B6D7A5A827F396E80006B273 /* Client.storyboard */,
				B6D7A5A227F396A40006B273 /* ClientAddEdit */,
				B6D7A5A127F3969B0006B273 /* ClientListing */,
			);
			path = Clients;
			sourceTree = "<group>";
		};
		B6D7A5A127F3969B0006B273 /* ClientListing */ = {
			isa = PBXGroup;
			children = (
				B6D7A5B827F39B960006B273 /* Navigator */,
				B6D7A5A427F396BD0006B273 /* ViewModel */,
				B6D7A5A327F396B50006B273 /* View */,
			);
			path = ClientListing;
			sourceTree = "<group>";
		};
		B6D7A5A227F396A40006B273 /* ClientAddEdit */ = {
			isa = PBXGroup;
			children = (
				B650CCD227F4250400542290 /* Navigator */,
				B6D7A5B227F397A20006B273 /* ViewModel */,
				B6D7A5B127F397930006B273 /* View */,
			);
			path = ClientAddEdit;
			sourceTree = "<group>";
		};
		B6D7A5A327F396B50006B273 /* View */ = {
			isa = PBXGroup;
			children = (
				B6D7A5AC27F397370006B273 /* Cells */,
				B6D7A5A527F396CA0006B273 /* ViewController */,
			);
			path = View;
			sourceTree = "<group>";
		};
		B6D7A5A427F396BD0006B273 /* ViewModel */ = {
			isa = PBXGroup;
			children = (
				B6D7A5AA27F397230006B273 /* ClientListingViewModel.swift */,
			);
			path = ViewModel;
			sourceTree = "<group>";
		};
		B6D7A5A527F396CA0006B273 /* ViewController */ = {
			isa = PBXGroup;
			children = (
				B6D7A5A627F396DE0006B273 /* ClientListingViewController.swift */,
			);
			path = ViewController;
			sourceTree = "<group>";
		};
		B6D7A5AC27F397370006B273 /* Cells */ = {
			isa = PBXGroup;
			children = (
				B6D7A5AD27F397520006B273 /* ClientsListingTableViewCell.swift */,
				B6D7A5AE27F397520006B273 /* ClientsListingTableViewCell.xib */,
			);
			path = Cells;
			sourceTree = "<group>";
		};
		B6D7A5B127F397930006B273 /* View */ = {
			isa = PBXGroup;
			children = (
				B650CCD527F42C1400542290 /* CustomCells */,
				B6D7A5B327F397A90006B273 /* ViewController */,
			);
			path = View;
			sourceTree = "<group>";
		};
		B6D7A5B227F397A20006B273 /* ViewModel */ = {
			isa = PBXGroup;
			children = (
				B6D7A5B427F397C40006B273 /* ClientAddEditViewModel.swift */,
			);
			path = ViewModel;
			sourceTree = "<group>";
		};
		B6D7A5B327F397A90006B273 /* ViewController */ = {
			isa = PBXGroup;
			children = (
				B6D7A5B627F397D50006B273 /* ClientAddEditViewController.swift */,
			);
			path = ViewController;
			sourceTree = "<group>";
		};
		B6D7A5B827F39B960006B273 /* Navigator */ = {
			isa = PBXGroup;
			children = (
				B6D7A5B927F39BAA0006B273 /* ClientListingNavigator.swift */,
			);
			path = Navigator;
			sourceTree = "<group>";
		};
		C8BBCBC7939B18C56F7BEDBE /* Frameworks */ = {
			isa = PBXGroup;
			children = (
				21202D5C9BD58D67CD723452 /* Pods_TestRound.framework */,
				819FB7C4D4FDB8E6A69324D0 /* Pods_TestRound_TestRoundUITests.framework */,
				E47709E281622247FF18E7E5 /* Pods_TestRoundTests.framework */,
			);
			name = Frameworks;
			sourceTree = "<group>";
		};
/* End PBXGroup section */

/* Begin PBXNativeTarget section */
		B61ED19F27F1D04500405CEB /* TestRound */ = {
			isa = PBXNativeTarget;
			buildConfigurationList = B61ED1CA27F1D04700405CEB /* Build configuration list for PBXNativeTarget "TestRound" */;
			buildPhases = (
				C6D2BEB17089580F6311EB20 /* [CP] Check Pods Manifest.lock */,
				B61ED19C27F1D04500405CEB /* Sources */,
				B61ED19D27F1D04500405CEB /* Frameworks */,
				B61ED19E27F1D04500405CEB /* Resources */,
				4D1550EB302BC799B711E2BB /* [CP] Embed Pods Frameworks */,
			);
			buildRules = (
			);
			dependencies = (
			);
			name = TestRound;
			productName = TestRound;
			productReference = B61ED1A027F1D04500405CEB /* TestRound.app */;
			productType = "com.apple.product-type.application";
		};
		B61ED1B527F1D04700405CEB /* TestRoundTests */ = {
			isa = PBXNativeTarget;
			buildConfigurationList = B61ED1CD27F1D04700405CEB /* Build configuration list for PBXNativeTarget "TestRoundTests" */;
			buildPhases = (
				4BFF6C971F393EEC55733937 /* [CP] Check Pods Manifest.lock */,
				B61ED1B227F1D04700405CEB /* Sources */,
				B61ED1B327F1D04700405CEB /* Frameworks */,
				B61ED1B427F1D04700405CEB /* Resources */,
			);
			buildRules = (
			);
			dependencies = (
				B61ED1B827F1D04700405CEB /* PBXTargetDependency */,
			);
			name = TestRoundTests;
			productName = TestRoundTests;
			productReference = B61ED1B627F1D04700405CEB /* TestRoundTests.xctest */;
			productType = "com.apple.product-type.bundle.unit-test";
		};
		B61ED1BF27F1D04700405CEB /* TestRoundUITests */ = {
			isa = PBXNativeTarget;
			buildConfigurationList = B61ED1D027F1D04700405CEB /* Build configuration list for PBXNativeTarget "TestRoundUITests" */;
			buildPhases = (
				A36FD5CA28CC2061945C8B28 /* [CP] Check Pods Manifest.lock */,
				B61ED1BC27F1D04700405CEB /* Sources */,
				B61ED1BD27F1D04700405CEB /* Frameworks */,
				B61ED1BE27F1D04700405CEB /* Resources */,
				CF21D64E2B2D4DFB64A9F00A /* [CP] Embed Pods Frameworks */,
			);
			buildRules = (
			);
			dependencies = (
				B61ED1C227F1D04700405CEB /* PBXTargetDependency */,
			);
			name = TestRoundUITests;
			productName = TestRoundUITests;
			productReference = B61ED1C027F1D04700405CEB /* TestRoundUITests.xctest */;
			productType = "com.apple.product-type.bundle.ui-testing";
		};
/* End PBXNativeTarget section */

/* Begin PBXProject section */
		B61ED19827F1D04500405CEB /* Project object */ = {
			isa = PBXProject;
			attributes = {
				BuildIndependentTargetsInParallel = 1;
				LastSwiftUpdateCheck = 1320;
				LastUpgradeCheck = 1320;
				TargetAttributes = {
					B61ED19F27F1D04500405CEB = {
						CreatedOnToolsVersion = 13.2.1;
					};
					B61ED1B527F1D04700405CEB = {
						CreatedOnToolsVersion = 13.2.1;
						TestTargetID = B61ED19F27F1D04500405CEB;
					};
					B61ED1BF27F1D04700405CEB = {
						CreatedOnToolsVersion = 13.2.1;
						TestTargetID = B61ED19F27F1D04500405CEB;
					};
				};
			};
			buildConfigurationList = B61ED19B27F1D04500405CEB /* Build configuration list for PBXProject "TestRound" */;
			compatibilityVersion = "Xcode 13.0";
			developmentRegion = en;
			hasScannedForEncodings = 0;
			knownRegions = (
				en,
				Base,
			);
			mainGroup = B61ED19727F1D04500405CEB;
			productRefGroup = B61ED1A127F1D04500405CEB /* Products */;
			projectDirPath = "";
			projectRoot = "";
			targets = (
				B61ED19F27F1D04500405CEB /* TestRound */,
				B61ED1B527F1D04700405CEB /* TestRoundTests */,
				B61ED1BF27F1D04700405CEB /* TestRoundUITests */,
			);
		};
/* End PBXProject section */

/* Begin PBXResourcesBuildPhase section */
		B61ED19E27F1D04500405CEB /* Resources */ = {
			isa = PBXResourcesBuildPhase;
			buildActionMask = 2147483647;
			files = (
				B683842527F5F0E100896A5D /* GenderTableViewCell.xib in Resources */,
				B6D7A5B027F397520006B273 /* ClientsListingTableViewCell.xib in Resources */,
				B61ED1B027F1D04700405CEB /* LaunchScreen.storyboard in Resources */,
				B650CCDF27F4304800542290 /* ClientFooterTableViewCell.xib in Resources */,
				B61ED1AD27F1D04700405CEB /* Assets.xcassets in Resources */,
				B61ED1AB27F1D04500405CEB /* Main.storyboard in Resources */,
				B650CCDD27F4304800542290 /* EditClientTableViewCell.xib in Resources */,
				B650CCEE27F4464A00542290 /* db.json in Resources */,
				B650CCDC27F4304800542290 /* AddressTableViewCell.xib in Resources */,
				B6D7A5A927F396E80006B273 /* Client.storyboard in Resources */,
			);
			runOnlyForDeploymentPostprocessing = 0;
		};
		B61ED1B427F1D04700405CEB /* Resources */ = {
			isa = PBXResourcesBuildPhase;
			buildActionMask = 2147483647;
			files = (
			);
			runOnlyForDeploymentPostprocessing = 0;
		};
		B61ED1BE27F1D04700405CEB /* Resources */ = {
			isa = PBXResourcesBuildPhase;
			buildActionMask = 2147483647;
			files = (
			);
			runOnlyForDeploymentPostprocessing = 0;
		};
/* End PBXResourcesBuildPhase section */

/* Begin PBXShellScriptBuildPhase section */
		4BFF6C971F393EEC55733937 /* [CP] Check Pods Manifest.lock */ = {
			isa = PBXShellScriptBuildPhase;
			buildActionMask = 2147483647;
			files = (
			);
			inputFileListPaths = (
			);
			inputPaths = (
				"${PODS_PODFILE_DIR_PATH}/Podfile.lock",
				"${PODS_ROOT}/Manifest.lock",
			);
			name = "[CP] Check Pods Manifest.lock";
			outputFileListPaths = (
			);
			outputPaths = (
				"$(DERIVED_FILE_DIR)/Pods-TestRoundTests-checkManifestLockResult.txt",
			);
			runOnlyForDeploymentPostprocessing = 0;
			shellPath = /bin/sh;
			shellScript = "diff \"${PODS_PODFILE_DIR_PATH}/Podfile.lock\" \"${PODS_ROOT}/Manifest.lock\" > /dev/null\nif [ $? != 0 ] ; then\n    # print error to STDERR\n    echo \"error: The sandbox is not in sync with the Podfile.lock. Run 'pod install' or update your CocoaPods installation.\" >&2\n    exit 1\nfi\n# This output is used by Xcode 'outputs' to avoid re-running this script phase.\necho \"SUCCESS\" > \"${SCRIPT_OUTPUT_FILE_0}\"\n";
			showEnvVarsInLog = 0;
		};
		4D1550EB302BC799B711E2BB /* [CP] Embed Pods Frameworks */ = {
			isa = PBXShellScriptBuildPhase;
			buildActionMask = 2147483647;
			files = (
			);
			inputFileListPaths = (
				"${PODS_ROOT}/Target Support Files/Pods-TestRound/Pods-TestRound-frameworks-${CONFIGURATION}-input-files.xcfilelist",
			);
			name = "[CP] Embed Pods Frameworks";
			outputFileListPaths = (
				"${PODS_ROOT}/Target Support Files/Pods-TestRound/Pods-TestRound-frameworks-${CONFIGURATION}-output-files.xcfilelist",
			);
			runOnlyForDeploymentPostprocessing = 0;
			shellPath = /bin/sh;
			shellScript = "\"${PODS_ROOT}/Target Support Files/Pods-TestRound/Pods-TestRound-frameworks.sh\"\n";
			showEnvVarsInLog = 0;
		};
		A36FD5CA28CC2061945C8B28 /* [CP] Check Pods Manifest.lock */ = {
			isa = PBXShellScriptBuildPhase;
			buildActionMask = 2147483647;
			files = (
			);
			inputFileListPaths = (
			);
			inputPaths = (
				"${PODS_PODFILE_DIR_PATH}/Podfile.lock",
				"${PODS_ROOT}/Manifest.lock",
			);
			name = "[CP] Check Pods Manifest.lock";
			outputFileListPaths = (
			);
			outputPaths = (
				"$(DERIVED_FILE_DIR)/Pods-TestRound-TestRoundUITests-checkManifestLockResult.txt",
			);
			runOnlyForDeploymentPostprocessing = 0;
			shellPath = /bin/sh;
			shellScript = "diff \"${PODS_PODFILE_DIR_PATH}/Podfile.lock\" \"${PODS_ROOT}/Manifest.lock\" > /dev/null\nif [ $? != 0 ] ; then\n    # print error to STDERR\n    echo \"error: The sandbox is not in sync with the Podfile.lock. Run 'pod install' or update your CocoaPods installation.\" >&2\n    exit 1\nfi\n# This output is used by Xcode 'outputs' to avoid re-running this script phase.\necho \"SUCCESS\" > \"${SCRIPT_OUTPUT_FILE_0}\"\n";
			showEnvVarsInLog = 0;
		};
		C6D2BEB17089580F6311EB20 /* [CP] Check Pods Manifest.lock */ = {
			isa = PBXShellScriptBuildPhase;
			buildActionMask = 2147483647;
			files = (
			);
			inputFileListPaths = (
			);
			inputPaths = (
				"${PODS_PODFILE_DIR_PATH}/Podfile.lock",
				"${PODS_ROOT}/Manifest.lock",
			);
			name = "[CP] Check Pods Manifest.lock";
			outputFileListPaths = (
			);
			outputPaths = (
				"$(DERIVED_FILE_DIR)/Pods-TestRound-checkManifestLockResult.txt",
			);
			runOnlyForDeploymentPostprocessing = 0;
			shellPath = /bin/sh;
			shellScript = "diff \"${PODS_PODFILE_DIR_PATH}/Podfile.lock\" \"${PODS_ROOT}/Manifest.lock\" > /dev/null\nif [ $? != 0 ] ; then\n    # print error to STDERR\n    echo \"error: The sandbox is not in sync with the Podfile.lock. Run 'pod install' or update your CocoaPods installation.\" >&2\n    exit 1\nfi\n# This output is used by Xcode 'outputs' to avoid re-running this script phase.\necho \"SUCCESS\" > \"${SCRIPT_OUTPUT_FILE_0}\"\n";
			showEnvVarsInLog = 0;
		};
		CF21D64E2B2D4DFB64A9F00A /* [CP] Embed Pods Frameworks */ = {
			isa = PBXShellScriptBuildPhase;
			buildActionMask = 2147483647;
			files = (
			);
			inputFileListPaths = (
				"${PODS_ROOT}/Target Support Files/Pods-TestRound-TestRoundUITests/Pods-TestRound-TestRoundUITests-frameworks-${CONFIGURATION}-input-files.xcfilelist",
			);
			name = "[CP] Embed Pods Frameworks";
			outputFileListPaths = (
				"${PODS_ROOT}/Target Support Files/Pods-TestRound-TestRoundUITests/Pods-TestRound-TestRoundUITests-frameworks-${CONFIGURATION}-output-files.xcfilelist",
			);
			runOnlyForDeploymentPostprocessing = 0;
			shellPath = /bin/sh;
			shellScript = "\"${PODS_ROOT}/Target Support Files/Pods-TestRound-TestRoundUITests/Pods-TestRound-TestRoundUITests-frameworks.sh\"\n";
			showEnvVarsInLog = 0;
		};
/* End PBXShellScriptBuildPhase section */

/* Begin PBXSourcesBuildPhase section */
		B61ED19C27F1D04500405CEB /* Sources */ = {
			isa = PBXSourcesBuildPhase;
			buildActionMask = 2147483647;
			files = (
				B650CCE027F4304800542290 /* ClientFooterTableViewCell.swift in Sources */,
				B6D7A5A727F396DE0006B273 /* ClientListingViewController.swift in Sources */,
				B6802F4C27F495B0006DDD64 /* ClientsRepository.swift in Sources */,
				B6D7A5AF27F397520006B273 /* ClientsListingTableViewCell.swift in Sources */,
				B650CCE627F438B600542290 /* Client.swift in Sources */,
				B650CCE127F4304800542290 /* AddressTableViewCell.swift in Sources */,
				B650CCF427F4555B00542290 /* Constants.swift in Sources */,
				B6D7A58E27F393870006B273 /* LoginNavigator.swift in Sources */,
				B6D7A5BA27F39BAA0006B273 /* ClientListingNavigator.swift in Sources */,
				B650CCE427F4314200542290 /* Address.swift in Sources */,
				B6D7A58C27F393700006B273 /* LoginViewModel.swift in Sources */,
				B6D7A59427F394090006B273 /* RegisterNavigator.swift in Sources */,
				B6D7A59227F393E80006B273 /* RegisterViewModel.swift in Sources */,
				B683842127F5E0DD00896A5D /* User.swift in Sources */,
				B61ED1A827F1D04500405CEB /* ViewController.swift in Sources */,
				B6D7A59C27F395430006B273 /* AppNavigator.swift in Sources */,
				B650CCF127F4551200542290 /* NetworkingManager.swift in Sources */,
				B6D7A59027F393990006B273 /* RegisterViewController.swift in Sources */,
				B6D7A5B727F397D50006B273 /* ClientAddEditViewController.swift in Sources */,
				B650CCF927F45CDD00542290 /* CustomError.swift in Sources */,
				B6D7A59827F394640006B273 /* UIViewExtension.swift in Sources */,
				B6D7A5B527F397C40006B273 /* ClientAddEditViewModel.swift in Sources */,
				B6802F4927F49493006DDD64 /* ClientService.swift in Sources */,
				B61ED1A427F1D04500405CEB /* AppDelegate.swift in Sources */,
				B6D7A59927F394640006B273 /* StoryboardExtension.swift in Sources */,
				B6D7A5AB27F397230006B273 /* ClientListingViewModel.swift in Sources */,
				B650CCE927F43C0000542290 /* Enums.swift in Sources */,
				B650CCF727F4559A00542290 /* ClientsDataStore.swift in Sources */,
				B683842427F5F0E100896A5D /* GenderTableViewCell.swift in Sources */,
				B650CCDE27F4304800542290 /* EditClientTableViewCell.swift in Sources */,
				B650CCD427F4252E00542290 /* ClientAddEditNavigator.swift in Sources */,
				B61ED1A627F1D04500405CEB /* SceneDelegate.swift in Sources */,
				B6D7A59F27F395770006B273 /* AppNavigationController.swift in Sources */,
				B650CCF227F4551200542290 /* Networking.swift in Sources */,
				B6D7A59A27F394640006B273 /* UIFontExtension.swift in Sources */,
				B650CCEC27F4449000542290 /* CommonClass.swift in Sources */,
			);
			runOnlyForDeploymentPostprocessing = 0;
		};
		B61ED1B227F1D04700405CEB /* Sources */ = {
			isa = PBXSourcesBuildPhase;
			buildActionMask = 2147483647;
			files = (
				B61ED1BB27F1D04700405CEB /* TestRoundTests.swift in Sources */,
			);
			runOnlyForDeploymentPostprocessing = 0;
		};
		B61ED1BC27F1D04700405CEB /* Sources */ = {
			isa = PBXSourcesBuildPhase;
			buildActionMask = 2147483647;
			files = (
				B61ED1C527F1D04700405CEB /* TestRoundUITests.swift in Sources */,
				B61ED1C727F1D04700405CEB /* TestRoundUITestsLaunchTests.swift in Sources */,
			);
			runOnlyForDeploymentPostprocessing = 0;
		};
/* End PBXSourcesBuildPhase section */

/* Begin PBXTargetDependency section */
		B61ED1B827F1D04700405CEB /* PBXTargetDependency */ = {
			isa = PBXTargetDependency;
			target = B61ED19F27F1D04500405CEB /* TestRound */;
			targetProxy = B61ED1B727F1D04700405CEB /* PBXContainerItemProxy */;
		};
		B61ED1C227F1D04700405CEB /* PBXTargetDependency */ = {
			isa = PBXTargetDependency;
			target = B61ED19F27F1D04500405CEB /* TestRound */;
			targetProxy = B61ED1C127F1D04700405CEB /* PBXContainerItemProxy */;
		};
/* End PBXTargetDependency section */

/* Begin PBXVariantGroup section */
		B61ED1A927F1D04500405CEB /* Main.storyboard */ = {
			isa = PBXVariantGroup;
			children = (
				B61ED1AA27F1D04500405CEB /* Base */,
			);
			name = Main.storyboard;
			sourceTree = "<group>";
		};
		B61ED1AE27F1D04700405CEB /* LaunchScreen.storyboard */ = {
			isa = PBXVariantGroup;
			children = (
				B61ED1AF27F1D04700405CEB /* Base */,
			);
			name = LaunchScreen.storyboard;
			sourceTree = "<group>";
		};
/* End PBXVariantGroup section */

/* Begin XCBuildConfiguration section */
		B61ED1C827F1D04700405CEB /* Debug */ = {
			isa = XCBuildConfiguration;
			buildSettings = {
				ALWAYS_SEARCH_USER_PATHS = NO;
				CLANG_ANALYZER_NONNULL = YES;
				CLANG_ANALYZER_NUMBER_OBJECT_CONVERSION = YES_AGGRESSIVE;
				CLANG_CXX_LANGUAGE_STANDARD = "gnu++17";
				CLANG_CXX_LIBRARY = "libc++";
				CLANG_ENABLE_MODULES = YES;
				CLANG_ENABLE_OBJC_ARC = YES;
				CLANG_ENABLE_OBJC_WEAK = YES;
				CLANG_WARN_BLOCK_CAPTURE_AUTORELEASING = YES;
				CLANG_WARN_BOOL_CONVERSION = YES;
				CLANG_WARN_COMMA = YES;
				CLANG_WARN_CONSTANT_CONVERSION = YES;
				CLANG_WARN_DEPRECATED_OBJC_IMPLEMENTATIONS = YES;
				CLANG_WARN_DIRECT_OBJC_ISA_USAGE = YES_ERROR;
				CLANG_WARN_DOCUMENTATION_COMMENTS = YES;
				CLANG_WARN_EMPTY_BODY = YES;
				CLANG_WARN_ENUM_CONVERSION = YES;
				CLANG_WARN_INFINITE_RECURSION = YES;
				CLANG_WARN_INT_CONVERSION = YES;
				CLANG_WARN_NON_LITERAL_NULL_CONVERSION = YES;
				CLANG_WARN_OBJC_IMPLICIT_RETAIN_SELF = YES;
				CLANG_WARN_OBJC_LITERAL_CONVERSION = YES;
				CLANG_WARN_OBJC_ROOT_CLASS = YES_ERROR;
				CLANG_WARN_QUOTED_INCLUDE_IN_FRAMEWORK_HEADER = YES;
				CLANG_WARN_RANGE_LOOP_ANALYSIS = YES;
				CLANG_WARN_STRICT_PROTOTYPES = YES;
				CLANG_WARN_SUSPICIOUS_MOVE = YES;
				CLANG_WARN_UNGUARDED_AVAILABILITY = YES_AGGRESSIVE;
				CLANG_WARN_UNREACHABLE_CODE = YES;
				CLANG_WARN__DUPLICATE_METHOD_MATCH = YES;
				COPY_PHASE_STRIP = NO;
				DEBUG_INFORMATION_FORMAT = dwarf;
				ENABLE_STRICT_OBJC_MSGSEND = YES;
				ENABLE_TESTABILITY = YES;
				GCC_C_LANGUAGE_STANDARD = gnu11;
				GCC_DYNAMIC_NO_PIC = NO;
				GCC_NO_COMMON_BLOCKS = YES;
				GCC_OPTIMIZATION_LEVEL = 0;
				GCC_PREPROCESSOR_DEFINITIONS = (
					"DEBUG=1",
					"$(inherited)",
				);
				GCC_WARN_64_TO_32_BIT_CONVERSION = YES;
				GCC_WARN_ABOUT_RETURN_TYPE = YES_ERROR;
				GCC_WARN_UNDECLARED_SELECTOR = YES;
				GCC_WARN_UNINITIALIZED_AUTOS = YES_AGGRESSIVE;
				GCC_WARN_UNUSED_FUNCTION = YES;
				GCC_WARN_UNUSED_VARIABLE = YES;
				IPHONEOS_DEPLOYMENT_TARGET = 15.2;
				MTL_ENABLE_DEBUG_INFO = INCLUDE_SOURCE;
				MTL_FAST_MATH = YES;
				ONLY_ACTIVE_ARCH = YES;
				SDKROOT = iphoneos;
				SWIFT_ACTIVE_COMPILATION_CONDITIONS = DEBUG;
				SWIFT_OPTIMIZATION_LEVEL = "-Onone";
			};
			name = Debug;
		};
		B61ED1C927F1D04700405CEB /* Release */ = {
			isa = XCBuildConfiguration;
			buildSettings = {
				ALWAYS_SEARCH_USER_PATHS = NO;
				CLANG_ANALYZER_NONNULL = YES;
				CLANG_ANALYZER_NUMBER_OBJECT_CONVERSION = YES_AGGRESSIVE;
				CLANG_CXX_LANGUAGE_STANDARD = "gnu++17";
				CLANG_CXX_LIBRARY = "libc++";
				CLANG_ENABLE_MODULES = YES;
				CLANG_ENABLE_OBJC_ARC = YES;
				CLANG_ENABLE_OBJC_WEAK = YES;
				CLANG_WARN_BLOCK_CAPTURE_AUTORELEASING = YES;
				CLANG_WARN_BOOL_CONVERSION = YES;
				CLANG_WARN_COMMA = YES;
				CLANG_WARN_CONSTANT_CONVERSION = YES;
				CLANG_WARN_DEPRECATED_OBJC_IMPLEMENTATIONS = YES;
				CLANG_WARN_DIRECT_OBJC_ISA_USAGE = YES_ERROR;
				CLANG_WARN_DOCUMENTATION_COMMENTS = YES;
				CLANG_WARN_EMPTY_BODY = YES;
				CLANG_WARN_ENUM_CONVERSION = YES;
				CLANG_WARN_INFINITE_RECURSION = YES;
				CLANG_WARN_INT_CONVERSION = YES;
				CLANG_WARN_NON_LITERAL_NULL_CONVERSION = YES;
				CLANG_WARN_OBJC_IMPLICIT_RETAIN_SELF = YES;
				CLANG_WARN_OBJC_LITERAL_CONVERSION = YES;
				CLANG_WARN_OBJC_ROOT_CLASS = YES_ERROR;
				CLANG_WARN_QUOTED_INCLUDE_IN_FRAMEWORK_HEADER = YES;
				CLANG_WARN_RANGE_LOOP_ANALYSIS = YES;
				CLANG_WARN_STRICT_PROTOTYPES = YES;
				CLANG_WARN_SUSPICIOUS_MOVE = YES;
				CLANG_WARN_UNGUARDED_AVAILABILITY = YES_AGGRESSIVE;
				CLANG_WARN_UNREACHABLE_CODE = YES;
				CLANG_WARN__DUPLICATE_METHOD_MATCH = YES;
				COPY_PHASE_STRIP = NO;
				DEBUG_INFORMATION_FORMAT = "dwarf-with-dsym";
				ENABLE_NS_ASSERTIONS = NO;
				ENABLE_STRICT_OBJC_MSGSEND = YES;
				GCC_C_LANGUAGE_STANDARD = gnu11;
				GCC_NO_COMMON_BLOCKS = YES;
				GCC_WARN_64_TO_32_BIT_CONVERSION = YES;
				GCC_WARN_ABOUT_RETURN_TYPE = YES_ERROR;
				GCC_WARN_UNDECLARED_SELECTOR = YES;
				GCC_WARN_UNINITIALIZED_AUTOS = YES_AGGRESSIVE;
				GCC_WARN_UNUSED_FUNCTION = YES;
				GCC_WARN_UNUSED_VARIABLE = YES;
				IPHONEOS_DEPLOYMENT_TARGET = 15.2;
				MTL_ENABLE_DEBUG_INFO = NO;
				MTL_FAST_MATH = YES;
				SDKROOT = iphoneos;
				SWIFT_COMPILATION_MODE = wholemodule;
				SWIFT_OPTIMIZATION_LEVEL = "-O";
				VALIDATE_PRODUCT = YES;
			};
			name = Release;
		};
		B61ED1CB27F1D04700405CEB /* Debug */ = {
			isa = XCBuildConfiguration;
			baseConfigurationReference = 82F1827B48E59FA21CC2B147 /* Pods-TestRound.debug.xcconfig */;
			buildSettings = {
				ASSETCATALOG_COMPILER_APPICON_NAME = AppIcon;
				ASSETCATALOG_COMPILER_GLOBAL_ACCENT_COLOR_NAME = AccentColor;
				CODE_SIGN_STYLE = Automatic;
				CURRENT_PROJECT_VERSION = 1;
				GENERATE_INFOPLIST_FILE = YES;
				INFOPLIST_FILE = TestRound/Info.plist;
				INFOPLIST_KEY_UIApplicationSupportsIndirectInputEvents = YES;
				INFOPLIST_KEY_UILaunchStoryboardName = LaunchScreen;
				INFOPLIST_KEY_UIMainStoryboardFile = Main;
				INFOPLIST_KEY_UISupportedInterfaceOrientations_iPad = "UIInterfaceOrientationPortrait UIInterfaceOrientationPortraitUpsideDown UIInterfaceOrientationLandscapeLeft UIInterfaceOrientationLandscapeRight";
				INFOPLIST_KEY_UISupportedInterfaceOrientations_iPhone = "UIInterfaceOrientationPortrait UIInterfaceOrientationLandscapeLeft UIInterfaceOrientationLandscapeRight";
				LD_RUNPATH_SEARCH_PATHS = (
					"$(inherited)",
					"@executable_path/Frameworks",
				);
				MARKETING_VERSION = 1.0;
				PRODUCT_BUNDLE_IDENTIFIER = com.dev.TestRound;
				PRODUCT_NAME = "$(TARGET_NAME)";
				SWIFT_EMIT_LOC_STRINGS = YES;
				SWIFT_VERSION = 5.0;
				TARGETED_DEVICE_FAMILY = "1,2";
			};
			name = Debug;
		};
		B61ED1CC27F1D04700405CEB /* Release */ = {
			isa = XCBuildConfiguration;
			baseConfigurationReference = B5F9A69B6C81D813EE7A5BFD /* Pods-TestRound.release.xcconfig */;
			buildSettings = {
				ASSETCATALOG_COMPILER_APPICON_NAME = AppIcon;
				ASSETCATALOG_COMPILER_GLOBAL_ACCENT_COLOR_NAME = AccentColor;
				CODE_SIGN_STYLE = Automatic;
				CURRENT_PROJECT_VERSION = 1;
				GENERATE_INFOPLIST_FILE = YES;
				INFOPLIST_FILE = TestRound/Info.plist;
				INFOPLIST_KEY_UIApplicationSupportsIndirectInputEvents = YES;
				INFOPLIST_KEY_UILaunchStoryboardName = LaunchScreen;
				INFOPLIST_KEY_UIMainStoryboardFile = Main;
				INFOPLIST_KEY_UISupportedInterfaceOrientations_iPad = "UIInterfaceOrientationPortrait UIInterfaceOrientationPortraitUpsideDown UIInterfaceOrientationLandscapeLeft UIInterfaceOrientationLandscapeRight";
				INFOPLIST_KEY_UISupportedInterfaceOrientations_iPhone = "UIInterfaceOrientationPortrait UIInterfaceOrientationLandscapeLeft UIInterfaceOrientationLandscapeRight";
				LD_RUNPATH_SEARCH_PATHS = (
					"$(inherited)",
					"@executable_path/Frameworks",
				);
				MARKETING_VERSION = 1.0;
				PRODUCT_BUNDLE_IDENTIFIER = com.dev.TestRound;
				PRODUCT_NAME = "$(TARGET_NAME)";
				SWIFT_EMIT_LOC_STRINGS = YES;
				SWIFT_VERSION = 5.0;
				TARGETED_DEVICE_FAMILY = "1,2";
			};
			name = Release;
		};
		B61ED1CE27F1D04700405CEB /* Debug */ = {
			isa = XCBuildConfiguration;
			baseConfigurationReference = 8F40CF24A815AEA9FA0F906B /* Pods-TestRoundTests.debug.xcconfig */;
			buildSettings = {
				ALWAYS_EMBED_SWIFT_STANDARD_LIBRARIES = YES;
				BUNDLE_LOADER = "$(TEST_HOST)";
				CODE_SIGN_STYLE = Automatic;
				CURRENT_PROJECT_VERSION = 1;
				GENERATE_INFOPLIST_FILE = YES;
				IPHONEOS_DEPLOYMENT_TARGET = 15.2;
				MARKETING_VERSION = 1.0;
				PRODUCT_BUNDLE_IDENTIFIER = com.dev.TestRoundTests;
				PRODUCT_NAME = "$(TARGET_NAME)";
				SWIFT_EMIT_LOC_STRINGS = NO;
				SWIFT_VERSION = 5.0;
				TARGETED_DEVICE_FAMILY = "1,2";
				TEST_HOST = "$(BUILT_PRODUCTS_DIR)/TestRound.app/TestRound";
			};
			name = Debug;
		};
		B61ED1CF27F1D04700405CEB /* Release */ = {
			isa = XCBuildConfiguration;
			baseConfigurationReference = F1279D3DB16FEFA4D4FAF2AD /* Pods-TestRoundTests.release.xcconfig */;
			buildSettings = {
				ALWAYS_EMBED_SWIFT_STANDARD_LIBRARIES = YES;
				BUNDLE_LOADER = "$(TEST_HOST)";
				CODE_SIGN_STYLE = Automatic;
				CURRENT_PROJECT_VERSION = 1;
				GENERATE_INFOPLIST_FILE = YES;
				IPHONEOS_DEPLOYMENT_TARGET = 15.2;
				MARKETING_VERSION = 1.0;
				PRODUCT_BUNDLE_IDENTIFIER = com.dev.TestRoundTests;
				PRODUCT_NAME = "$(TARGET_NAME)";
				SWIFT_EMIT_LOC_STRINGS = NO;
				SWIFT_VERSION = 5.0;
				TARGETED_DEVICE_FAMILY = "1,2";
				TEST_HOST = "$(BUILT_PRODUCTS_DIR)/TestRound.app/TestRound";
			};
			name = Release;
		};
		B61ED1D127F1D04700405CEB /* Debug */ = {
			isa = XCBuildConfiguration;
			baseConfigurationReference = 4906FE28761AD300F3D99E78 /* Pods-TestRound-TestRoundUITests.debug.xcconfig */;
			buildSettings = {
				ALWAYS_EMBED_SWIFT_STANDARD_LIBRARIES = YES;
				CODE_SIGN_STYLE = Automatic;
				CURRENT_PROJECT_VERSION = 1;
				GENERATE_INFOPLIST_FILE = YES;
				MARKETING_VERSION = 1.0;
				PRODUCT_BUNDLE_IDENTIFIER = com.dev.TestRoundUITests;
				PRODUCT_NAME = "$(TARGET_NAME)";
				SWIFT_EMIT_LOC_STRINGS = NO;
				SWIFT_VERSION = 5.0;
				TARGETED_DEVICE_FAMILY = "1,2";
				TEST_TARGET_NAME = TestRound;
			};
			name = Debug;
		};
		B61ED1D227F1D04700405CEB /* Release */ = {
			isa = XCBuildConfiguration;
			baseConfigurationReference = 48E8379CEBE86D1BB108B186 /* Pods-TestRound-TestRoundUITests.release.xcconfig */;
			buildSettings = {
				ALWAYS_EMBED_SWIFT_STANDARD_LIBRARIES = YES;
				CODE_SIGN_STYLE = Automatic;
				CURRENT_PROJECT_VERSION = 1;
				GENERATE_INFOPLIST_FILE = YES;
				MARKETING_VERSION = 1.0;
				PRODUCT_BUNDLE_IDENTIFIER = com.dev.TestRoundUITests;
				PRODUCT_NAME = "$(TARGET_NAME)";
				SWIFT_EMIT_LOC_STRINGS = NO;
				SWIFT_VERSION = 5.0;
				TARGETED_DEVICE_FAMILY = "1,2";
				TEST_TARGET_NAME = TestRound;
			};
			name = Release;
		};
/* End XCBuildConfiguration section */

/* Begin XCConfigurationList section */
		B61ED19B27F1D04500405CEB /* Build configuration list for PBXProject "TestRound" */ = {
			isa = XCConfigurationList;
			buildConfigurations = (
				B61ED1C827F1D04700405CEB /* Debug */,
				B61ED1C927F1D04700405CEB /* Release */,
			);
			defaultConfigurationIsVisible = 0;
			defaultConfigurationName = Release;
		};
		B61ED1CA27F1D04700405CEB /* Build configuration list for PBXNativeTarget "TestRound" */ = {
			isa = XCConfigurationList;
			buildConfigurations = (
				B61ED1CB27F1D04700405CEB /* Debug */,
				B61ED1CC27F1D04700405CEB /* Release */,
			);
			defaultConfigurationIsVisible = 0;
			defaultConfigurationName = Release;
		};
		B61ED1CD27F1D04700405CEB /* Build configuration list for PBXNativeTarget "TestRoundTests" */ = {
			isa = XCConfigurationList;
			buildConfigurations = (
				B61ED1CE27F1D04700405CEB /* Debug */,
				B61ED1CF27F1D04700405CEB /* Release */,
			);
			defaultConfigurationIsVisible = 0;
			defaultConfigurationName = Release;
		};
		B61ED1D027F1D04700405CEB /* Build configuration list for PBXNativeTarget "TestRoundUITests" */ = {
			isa = XCConfigurationList;
			buildConfigurations = (
				B61ED1D127F1D04700405CEB /* Debug */,
				B61ED1D227F1D04700405CEB /* Release */,
			);
			defaultConfigurationIsVisible = 0;
			defaultConfigurationName = Release;
		};
/* End XCConfigurationList section */
	};
	rootObject = B61ED19827F1D04500405CEB /* Project object */;
}
